
Microsoft Visual Studio Solution File, Format Version 12.00
# Visual Studio 15
VisualStudioVersion = 15.0.28307.757
MinimumVisualStudioVersion = 10.0.40219.1
Project("{FAE04EC0-301F-11D3-BF4B-00C04F79EFBC}") = "SRPDemo", "SRPDemo\SRPDemo.csproj", "{39F92207-58A5-42EE-8B99-AC5642486962}"
EndProject
Global
	GlobalSection(SolutionConfigurationPlatforms) = preSolution
		Debug|Any CPU = Debug|Any CPU
		Release|Any CPU = Release|Any CPU
	EndGlobalSection
	GlobalSection(ProjectConfigurationPlatforms) = postSolution
		{39F92207-58A5-42EE-8B99-AC5642486962}.Debug|Any CPU.ActiveCfg = Debug|Any CPU
		{39F92207-58A5-42EE-8B99-AC5642486962}.Debug|Any CPU.Build.0 = Debug|Any CPU
		{39F92207-58A5-42EE-8B99-AC5642486962}.Release|Any CPU.ActiveCfg = Release|Any CPU
		{39F92207-58A5-42EE-8B99-AC5642486962}.Release|Any CPU.Build.0 = Release|Any CPU
	EndGlobalSection
	GlobalSection(SolutionProperties) = preSolution
		HideSolutionNode = FALSE
	EndGlobalSection
	GlobalSection(ExtensibilityGlobals) = postSolution
		SolutionGuid = {B46BC672-A3C4-4727-95DF-476755A50E6D}
	EndGlobalSection
EndGlobal
